
Microsoft Visual Studio Solution File, Format Version 12.00
# Visual Studio Version 17
VisualStudioVersion = 17.7.34202.233
MinimumVisualStudioVersion = 10.0.40219.1
Project("{FAE04EC0-301F-11D3-BF4B-00C04F79EFBC}") = "Practica 7-3", "Practica 7-3.csproj", "{456EECD9-BF52-419D-B349-961E50EDB98A}"
EndProject
Global
	GlobalSection(SolutionConfigurationPlatforms) = preSolution
		Debug|Any CPU = Debug|Any CPU
		Release|Any CPU = Release|Any CPU
	EndGlobalSection
	GlobalSection(ProjectConfigurationPlatforms) = postSolution
		{456EECD9-BF52-419D-B349-961E50EDB98A}.Debug|Any CPU.ActiveCfg = Debug|Any CPU
		{456EECD9-BF52-419D-B349-961E50EDB98A}.Debug|Any CPU.Build.0 = Debug|Any CPU
		{456EECD9-BF52-419D-B349-961E50EDB98A}.Release|Any CPU.ActiveCfg = Release|Any CPU
		{456EECD9-BF52-419D-B349-961E50EDB98A}.Release|Any CPU.Build.0 = Release|Any CPU
	EndGlobalSection
	GlobalSection(SolutionProperties) = preSolution
		HideSolutionNode = FALSE
	EndGlobalSection
	GlobalSection(ExtensibilityGlobals) = postSolution
		SolutionGuid = {C7CAA9AD-8407-4C14-ABB1-66216C53FA3A}
	EndGlobalSection
EndGlobal
